
Microsoft Visual Studio Solution File, Format Version 12.00
# Visual Studio Version 16
VisualStudioVersion = 16.0.30804.86
MinimumVisualStudioVersion = 10.0.40219.1
Project("{FAE04EC0-301F-11D3-BF4B-00C04F79EFBC}") = "HomeShare", "HomeShare\HomeShare.csproj", "{5D31182B-D4BB-416F-A641-8A5FD32E3AA8}"
EndProject
Project("{FAE04EC0-301F-11D3-BF4B-00C04F79EFBC}") = "HomeShare.DAL", "HomeShare.DAL\HomeShare.DAL.csproj", "{766B2999-187A-4CF1-B297-56656E8013B4}"
EndProject
Project("{FAE04EC0-301F-11D3-BF4B-00C04F79EFBC}") = "HomeShare.Models", "HomeShare.Models\HomeShare.Models.csproj", "{3E854267-10F5-49DF-9324-0A058CEC680C}"
EndProject
Project("{FAE04EC0-301F-11D3-BF4B-00C04F79EFBC}") = "HomeShare.Repositories", "HomeShare.Repositories\HomeShare.Repositories.csproj", "{362178F0-0637-41B6-B226-D3F8A68E2908}"
EndProject
Project("{FAE04EC0-301F-11D3-BF4B-00C04F79EFBC}") = "HomeShare.Entities", "HomeShare.Entities\HomeShare.Entities.csproj", "{63917F59-7B9D-46F2-9609-3AD969D726DE}"
EndProject
Project("{00D1A9C2-B5F0-4AF3-8072-F6C62B433612}") = "HomeShareDBASP", "HomeShareDBASP\HomeShareDBASP.sqlproj", "{FF4A2201-4B85-46A0-84D3-74C0B6689818}"
EndProject
Global
	GlobalSection(SolutionConfigurationPlatforms) = preSolution
		Debug|Any CPU = Debug|Any CPU
		Release|Any CPU = Release|Any CPU
	EndGlobalSection
	GlobalSection(ProjectConfigurationPlatforms) = postSolution
		{5D31182B-D4BB-416F-A641-8A5FD32E3AA8}.Debug|Any CPU.ActiveCfg = Debug|Any CPU
		{5D31182B-D4BB-416F-A641-8A5FD32E3AA8}.Debug|Any CPU.Build.0 = Debug|Any CPU
		{5D31182B-D4BB-416F-A641-8A5FD32E3AA8}.Release|Any CPU.ActiveCfg = Release|Any CPU
		{5D31182B-D4BB-416F-A641-8A5FD32E3AA8}.Release|Any CPU.Build.0 = Release|Any CPU
		{766B2999-187A-4CF1-B297-56656E8013B4}.Debug|Any CPU.ActiveCfg = Debug|Any CPU
		{766B2999-187A-4CF1-B297-56656E8013B4}.Debug|Any CPU.Build.0 = Debug|Any CPU
		{766B2999-187A-4CF1-B297-56656E8013B4}.Release|Any CPU.ActiveCfg = Release|Any CPU
		{766B2999-187A-4CF1-B297-56656E8013B4}.Release|Any CPU.Build.0 = Release|Any CPU
		{3E854267-10F5-49DF-9324-0A058CEC680C}.Debug|Any CPU.ActiveCfg = Debug|Any CPU
		{3E854267-10F5-49DF-9324-0A058CEC680C}.Debug|Any CPU.Build.0 = Debug|Any CPU
		{3E854267-10F5-49DF-9324-0A058CEC680C}.Release|Any CPU.ActiveCfg = Release|Any CPU
		{3E854267-10F5-49DF-9324-0A058CEC680C}.Release|Any CPU.Build.0 = Release|Any CPU
		{362178F0-0637-41B6-B226-D3F8A68E2908}.Debug|Any CPU.ActiveCfg = Debug|Any CPU
		{362178F0-0637-41B6-B226-D3F8A68E2908}.Debug|Any CPU.Build.0 = Debug|Any CPU
		{362178F0-0637-41B6-B226-D3F8A68E2908}.Release|Any CPU.ActiveCfg = Release|Any CPU
		{362178F0-0637-41B6-B226-D3F8A68E2908}.Release|Any CPU.Build.0 = Release|Any CPU
		{63917F59-7B9D-46F2-9609-3AD969D726DE}.Debug|Any CPU.ActiveCfg = Debug|Any CPU
		{63917F59-7B9D-46F2-9609-3AD969D726DE}.Debug|Any CPU.Build.0 = Debug|Any CPU
		{63917F59-7B9D-46F2-9609-3AD969D726DE}.Release|Any CPU.ActiveCfg = Release|Any CPU
		{63917F59-7B9D-46F2-9609-3AD969D726DE}.Release|Any CPU.Build.0 = Release|Any CPU
		{FF4A2201-4B85-46A0-84D3-74C0B6689818}.Debug|Any CPU.ActiveCfg = Debug|Any CPU
		{FF4A2201-4B85-46A0-84D3-74C0B6689818}.Debug|Any CPU.Build.0 = Debug|Any CPU
		{FF4A2201-4B85-46A0-84D3-74C0B6689818}.Debug|Any CPU.Deploy.0 = Debug|Any CPU
		{FF4A2201-4B85-46A0-84D3-74C0B6689818}.Release|Any CPU.ActiveCfg = Release|Any CPU
		{FF4A2201-4B85-46A0-84D3-74C0B6689818}.Release|Any CPU.Build.0 = Release|Any CPU
		{FF4A2201-4B85-46A0-84D3-74C0B6689818}.Release|Any CPU.Deploy.0 = Release|Any CPU
	EndGlobalSection
	GlobalSection(SolutionProperties) = preSolution
		HideSolutionNode = FALSE
	EndGlobalSection
	GlobalSection(ExtensibilityGlobals) = postSolution
		SolutionGuid = {7A38B35D-A388-4B78-B61D-0DB9FEC09F1D}
	EndGlobalSection
EndGlobal
