
Microsoft Visual Studio Solution File, Format Version 12.00
# Visual Studio Version 16
VisualStudioVersion = 16.0.30804.86
MinimumVisualStudioVersion = 10.0.40219.1
Project("{FAE04EC0-301F-11D3-BF4B-00C04F79EFBC}") = "HomeShare", "HomeShare\HomeShare.csproj", "{5D31182B-D4BB-416F-A641-8A5FD32E3AA8}"
EndProject
Global
	GlobalSection(SolutionConfigurationPlatforms) = preSolution
		Debug|Any CPU = Debug|Any CPU
		Release|Any CPU = Release|Any CPU
	EndGlobalSection
	GlobalSection(ProjectConfigurationPlatforms) = postSolution
		{5D31182B-D4BB-416F-A641-8A5FD32E3AA8}.Debug|Any CPU.ActiveCfg = Debug|Any CPU
		{5D31182B-D4BB-416F-A641-8A5FD32E3AA8}.Debug|Any CPU.Build.0 = Debug|Any CPU
		{5D31182B-D4BB-416F-A641-8A5FD32E3AA8}.Release|Any CPU.ActiveCfg = Release|Any CPU
		{5D31182B-D4BB-416F-A641-8A5FD32E3AA8}.Release|Any CPU.Build.0 = Release|Any CPU
	EndGlobalSection
	GlobalSection(SolutionProperties) = preSolution
		HideSolutionNode = FALSE
	EndGlobalSection
	GlobalSection(ExtensibilityGlobals) = postSolution
		SolutionGuid = {7A38B35D-A388-4B78-B61D-0DB9FEC09F1D}
	EndGlobalSection
EndGlobal
